lockfileVersion: '6.0'

settings:
  autoInstallPeers: true
  excludeLinksFromLockfile: false

dependencies:
  nodemailer:
    specifier: ^6.9.4
    version: 6.9.4

devDependencies:
  '@types/nodemailer':
    specifier: ^6.4.9
    version: 6.4.9

packages:

  /@types/node@20.6.1:
    resolution: {integrity: sha512-4LcJvuXQlv4lTHnxwyHQZ3uR9Zw2j7m1C9DfuwoTFQQP4Pmu04O6IfLYgMmHoOCt0nosItLLZAH+sOrRE0Bo8g==}
    dev: true

  /@types/nodemailer@6.4.9:
    resolution: {integrity: sha512-XYG8Gv+sHjaOtUpiuytahMy2mM3rectgroNbs6R3djZEKmPNiIJwe9KqOJBGzKKnNZNKvnuvmugBgpq3w/S0ig==}
    dependencies:
      '@types/node': 20.6.1
    dev: true

  /nodemailer@6.9.4:
    resolution: {integrity: sha512-CXjQvrQZV4+6X5wP6ZIgdehJamI63MFoYFGGPtHudWym9qaEHDNdPzaj5bfMCvxG1vhAileSWW90q7nL0N36mA==}
    engines: {node: '>=6.0.0'}
    dev: false
